
Microsoft Visual Studio Solution File, Format Version 12.00
# Visual Studio Version 17
VisualStudioVersion = 17.4.33213.308
MinimumVisualStudioVersion = 10.0.40219.1
Project("{9A19103F-16F7-4668-BE54-9A1E7A4F7556}") = "BookStoreApi", "BookStoreApi.csproj", "{799787E0-1A32-4CB6-9C03-72F1336CE251}"
EndProject
Project("{FAE04EC0-301F-11D3-BF4B-00C04F79EFBC}") = "BookStoreApiTests", "..\BookStoreApiTests\BookStoreApiTests.csproj", "{3AC32B7A-EDA5-4D93-9C84-C49C07A03D1A}"
EndProject
Global
	GlobalSection(SolutionConfigurationPlatforms) = preSolution
		Debug|Any CPU = Debug|Any CPU
		Release|Any CPU = Release|Any CPU
	EndGlobalSection
	GlobalSection(ProjectConfigurationPlatforms) = postSolution
		{799787E0-1A32-4CB6-9C03-72F1336CE251}.Debug|Any CPU.ActiveCfg = Debug|Any CPU
		{799787E0-1A32-4CB6-9C03-72F1336CE251}.Debug|Any CPU.Build.0 = Debug|Any CPU
		{799787E0-1A32-4CB6-9C03-72F1336CE251}.Release|Any CPU.ActiveCfg = Release|Any CPU
		{799787E0-1A32-4CB6-9C03-72F1336CE251}.Release|Any CPU.Build.0 = Release|Any CPU
		{3AC32B7A-EDA5-4D93-9C84-C49C07A03D1A}.Debug|Any CPU.ActiveCfg = Debug|Any CPU
		{3AC32B7A-EDA5-4D93-9C84-C49C07A03D1A}.Debug|Any CPU.Build.0 = Debug|Any CPU
		{3AC32B7A-EDA5-4D93-9C84-C49C07A03D1A}.Release|Any CPU.ActiveCfg = Release|Any CPU
		{3AC32B7A-EDA5-4D93-9C84-C49C07A03D1A}.Release|Any CPU.Build.0 = Release|Any CPU
	EndGlobalSection
	GlobalSection(SolutionProperties) = preSolution
		HideSolutionNode = FALSE
	EndGlobalSection
	GlobalSection(ExtensibilityGlobals) = postSolution
		SolutionGuid = {4640C78C-D76C-48A8-A0B4-1FF71B5EEE58}
	EndGlobalSection
EndGlobal
